
Microsoft Visual Studio Solution File, Format Version 12.00
# Visual Studio Version 17
VisualStudioVersion = 17.5.33516.290
MinimumVisualStudioVersion = 10.0.40219.1
Project("{FAE04EC0-301F-11D3-BF4B-00C04F79EFBC}") = "TheCraftyCraft", "TheCraftyCraft\TheCraftyCraft.csproj", "{70F2DCC3-F8A2-49F7-8C63-76CBF412BAE4}"
EndProject
Global
	GlobalSection(SolutionConfigurationPlatforms) = preSolution
		Debug|Any CPU = Debug|Any CPU
		Release|Any CPU = Release|Any CPU
	EndGlobalSection
	GlobalSection(ProjectConfigurationPlatforms) = postSolution
		{70F2DCC3-F8A2-49F7-8C63-76CBF412BAE4}.Debug|Any CPU.ActiveCfg = Debug|Any CPU
		{70F2DCC3-F8A2-49F7-8C63-76CBF412BAE4}.Debug|Any CPU.Build.0 = Debug|Any CPU
		{70F2DCC3-F8A2-49F7-8C63-76CBF412BAE4}.Release|Any CPU.ActiveCfg = Release|Any CPU
		{70F2DCC3-F8A2-49F7-8C63-76CBF412BAE4}.Release|Any CPU.Build.0 = Release|Any CPU
	EndGlobalSection
	GlobalSection(SolutionProperties) = preSolution
		HideSolutionNode = FALSE
	EndGlobalSection
	GlobalSection(ExtensibilityGlobals) = postSolution
		SolutionGuid = {DFEE216E-9320-45F9-B747-26012E375F25}
	EndGlobalSection
EndGlobal
